
Microsoft Visual Studio Solution File, Format Version 12.00
# Visual Studio Version 16
VisualStudioVersion = 16.0.30128.74
MinimumVisualStudioVersion = 10.0.40219.1
Project("{FAE04EC0-301F-11D3-BF4B-00C04F79EFBC}") = "TextingApp", "TextingApp\TextingApp.csproj", "{17524B50-55C5-4DE7-B5A5-FC98BA48DDC2}"
EndProject
Global
	GlobalSection(SolutionConfigurationPlatforms) = preSolution
		Debug|Any CPU = Debug|Any CPU
		Release|Any CPU = Release|Any CPU
	EndGlobalSection
	GlobalSection(ProjectConfigurationPlatforms) = postSolution
		{17524B50-55C5-4DE7-B5A5-FC98BA48DDC2}.Debug|Any CPU.ActiveCfg = Debug|Any CPU
		{17524B50-55C5-4DE7-B5A5-FC98BA48DDC2}.Debug|Any CPU.Build.0 = Debug|Any CPU
		{17524B50-55C5-4DE7-B5A5-FC98BA48DDC2}.Release|Any CPU.ActiveCfg = Release|Any CPU
		{17524B50-55C5-4DE7-B5A5-FC98BA48DDC2}.Release|Any CPU.Build.0 = Release|Any CPU
	EndGlobalSection
	GlobalSection(SolutionProperties) = preSolution
		HideSolutionNode = FALSE
	EndGlobalSection
	GlobalSection(ExtensibilityGlobals) = postSolution
		SolutionGuid = {AE360192-7171-4F6D-8B32-C131264AB05E}
	EndGlobalSection
EndGlobal
